<Solution>
  <Project Path="OneCode.App/OneCode.App.csproj" />
  <Project Path="OneCode.Automation/OneCode.Automation.csproj" />
  <Project Path="OneCode.Cli/OneCode.Cli.csproj" />
  <Project Path="OneCode.Core/OneCode.Core.csproj" />
  <Project Path="OneCode.Infrastructure/OneCode.Infrastructure.csproj" />
  <Project Path="OneCode.Tests/OneCode.Tests.csproj" />
</Solution>
